// !$*UTF8*$!
{
	archiveVersion = 1;
	classes = {
	};
	objectVersion = 55;
	objects = {

/* Begin PBXBuildFile section */
		1CFBFD8F2895B5CD00CAA147 /* AppDelegate.swift in Sources */ = {isa = PBXBuildFile; fileRef = 1CFBFD8E2895B5CD00CAA147 /* AppDelegate.swift */; };
		1CFBFD912895B5CD00CAA147 /* SceneDelegate.swift in Sources */ = {isa = PBXBuildFile; fileRef = 1CFBFD902895B5CD00CAA147 /* SceneDelegate.swift */; };
		1CFBFD932895B5CD00CAA147 /* ViewController.swift in Sources */ = {isa = PBXBuildFile; fileRef = 1CFBFD922895B5CD00CAA147 /* ViewController.swift */; };
		1CFBFD962895B5CD00CAA147 /* Main.storyboard in Resources */ = {isa = PBXBuildFile; fileRef = 1CFBFD942895B5CD00CAA147 /* Main.storyboard */; };
		1CFBFD992895B5CD00CAA147 /* esteeLauder.xcdatamodeld in Sources */ = {isa = PBXBuildFile; fileRef = 1CFBFD972895B5CD00CAA147 /* esteeLauder.xcdatamodeld */; };
		1CFBFD9B2895B5D100CAA147 /* Assets.xcassets in Resources */ = {isa = PBXBuildFile; fileRef = 1CFBFD9A2895B5D100CAA147 /* Assets.xcassets */; };
		1CFBFD9E2895B5D100CAA147 /* LaunchScreen.storyboard in Resources */ = {isa = PBXBuildFile; fileRef = 1CFBFD9C2895B5D100CAA147 /* LaunchScreen.storyboard */; };
		1CFBFDA92895B5D200CAA147 /* esteeLauderTests.swift in Sources */ = {isa = PBXBuildFile; fileRef = 1CFBFDA82895B5D200CAA147 /* esteeLauderTests.swift */; };
		1CFBFDB32895B5D200CAA147 /* esteeLauderUITests.swift in Sources */ = {isa = PBXBuildFile; fileRef = 1CFBFDB22895B5D200CAA147 /* esteeLauderUITests.swift */; };
		1CFBFDB52895B5D200CAA147 /* esteeLauderUITestsLaunchTests.swift in Sources */ = {isa = PBXBuildFile; fileRef = 1CFBFDB42895B5D200CAA147 /* esteeLauderUITestsLaunchTests.swift */; };
		1CFBFDC22895BAFE00CAA147 /* SecondViewController.swift in Sources */ = {isa = PBXBuildFile; fileRef = 1CFBFDC12895BAFE00CAA147 /* SecondViewController.swift */; };
/* End PBXBuildFile section */

/* Begin PBXContainerItemProxy section */
		1CFBFDA52895B5D200CAA147 /* PBXContainerItemProxy */ = {
			isa = PBXContainerItemProxy;
			containerPortal = 1CFBFD832895B5CC00CAA147 /* Project object */;
			proxyType = 1;
			remoteGlobalIDString = 1CFBFD8A2895B5CC00CAA147;
			remoteInfo = esteeLauder;
		};
		1CFBFDAF2895B5D200CAA147 /* PBXContainerItemProxy */ = {
			isa = PBXContainerItemProxy;
			containerPortal = 1CFBFD832895B5CC00CAA147 /* Project object */;
			proxyType = 1;
			remoteGlobalIDString = 1CFBFD8A2895B5CC00CAA147;
			remoteInfo = esteeLauder;
		};
/* End PBXContainerItemProxy section */

/* Begin PBXFileReference section */
		1CFBFD8B2895B5CC00CAA147 /* esteeLauder.app */ = {isa = PBXFileReference; explicitFileType = wrapper.application; includeInIndex = 0; path = esteeLauder.app; sourceTree = BUILT_PRODUCTS_DIR; };
		1CFBFD8E2895B5CD00CAA147 /* AppDelegate.swift */ = {isa = PBXFileReference; lastKnownFileType = sourcecode.swift; path = AppDelegate.swift; sourceTree = "<group>"; };
		1CFBFD902895B5CD00CAA147 /* SceneDelegate.swift */ = {isa = PBXFileReference; lastKnownFileType = sourcecode.swift; path = SceneDelegate.swift; sourceTree = "<group>"; };
		1CFBFD922895B5CD00CAA147 /* ViewController.swift */ = {isa = PBXFileReference; lastKnownFileType = sourcecode.swift; path = ViewController.swift; sourceTree = "<group>"; };
		1CFBFD952895B5CD00CAA147 /* Base */ = {isa = PBXFileReference; lastKnownFileType = file.storyboard; name = Base; path = Base.lproj/Main.storyboard; sourceTree = "<group>"; };
		1CFBFD982895B5CD00CAA147 /* esteeLauder.xcdatamodel */ = {isa = PBXFileReference; lastKnownFileType = wrapper.xcdatamodel; path = esteeLauder.xcdatamodel; sourceTree = "<group>"; };
		1CFBFD9A2895B5D100CAA147 /* Assets.xcassets */ = {isa = PBXFileReference; lastKnownFileType = folder.assetcatalog; path = Assets.xcassets; sourceTree = "<group>"; };
		1CFBFD9D2895B5D100CAA147 /* Base */ = {isa = PBXFileReference; lastKnownFileType = file.storyboard; name = Base; path = Base.lproj/LaunchScreen.storyboard; sourceTree = "<group>"; };
		1CFBFD9F2895B5D100CAA147 /* Info.plist */ = {isa = PBXFileReference; lastKnownFileType = text.plist.xml; path = Info.plist; sourceTree = "<group>"; };
		1CFBFDA42895B5D200CAA147 /* esteeLauderTests.xctest */ = {isa = PBXFileReference; explicitFileType = wrapper.cfbundle; includeInIndex = 0; path = esteeLauderTests.xctest; sourceTree = BUILT_PRODUCTS_DIR; };
		1CFBFDA82895B5D200CAA147 /* esteeLauderTests.swift */ = {isa = PBXFileReference; lastKnownFileType = sourcecode.swift; path = esteeLauderTests.swift; sourceTree = "<group>"; };
		1CFBFDAE2895B5D200CAA147 /* esteeLauderUITests.xctest */ = {isa = PBXFileReference; explicitFileType = wrapper.cfbundle; includeInIndex = 0; path = esteeLauderUITests.xctest; sourceTree = BUILT_PRODUCTS_DIR; };
		1CFBFDB22895B5D200CAA147 /* esteeLauderUITests.swift */ = {isa = PBXFileReference; lastKnownFileType = sourcecode.swift; path = esteeLauderUITests.swift; sourceTree = "<group>"; };
		1CFBFDB42895B5D200CAA147 /* esteeLauderUITestsLaunchTests.swift */ = {isa = PBXFileReference; lastKnownFileType = sourcecode.swift; path = esteeLauderUITestsLaunchTests.swift; sourceTree = "<group>"; };
		1CFBFDC12895BAFE00CAA147 /* SecondViewController.swift */ = {isa = PBXFileReference; lastKnownFileType = sourcecode.swift; path = SecondViewController.swift; sourceTree = "<group>"; };
/* End PBXFileReference section */

/* Begin PBXFrameworksBuildPhase section */
		1CFBFD882895B5CC00CAA147 /* Frameworks */ = {
			isa = PBXFrameworksBuildPhase;
			buildActionMask = 2147483647;
			files = (
			);
			runOnlyForDeploymentPostprocessing = 0;
		};
		1CFBFDA12895B5D200CAA147 /* Frameworks */ = {
			isa = PBXFrameworksBuildPhase;
			buildActionMask = 2147483647;
			files = (
			);
			runOnlyForDeploymentPostprocessing = 0;
		};
		1CFBFDAB2895B5D200CAA147 /* Frameworks */ = {
			isa = PBXFrameworksBuildPhase;
			buildActionMask = 2147483647;
			files = (
			);
			runOnlyForDeploymentPostprocessing = 0;
		};
/* End PBXFrameworksBuildPhase section */

/* Begin PBXGroup section */
		1CFBFD822895B5CC00CAA147 = {
			isa = PBXGroup;
			children = (
				1CFBFD8D2895B5CD00CAA147 /* esteeLauder */,
				1CFBFDA72895B5D200CAA147 /* esteeLauderTests */,
				1CFBFDB12895B5D200CAA147 /* esteeLauderUITests */,
				1CFBFD8C2895B5CC00CAA147 /* Products */,
			);
			sourceTree = "<group>";
		};
		1CFBFD8C2895B5CC00CAA147 /* Products */ = {
			isa = PBXGroup;
			children = (
				1CFBFD8B2895B5CC00CAA147 /* esteeLauder.app */,
				1CFBFDA42895B5D200CAA147 /* esteeLauderTests.xctest */,
				1CFBFDAE2895B5D200CAA147 /* esteeLauderUITests.xctest */,
			);
			name = Products;
			sourceTree = "<group>";
		};
		1CFBFD8D2895B5CD00CAA147 /* esteeLauder */ = {
			isa = PBXGroup;
			children = (
				1CFBFD8E2895B5CD00CAA147 /* AppDelegate.swift */,
				1CFBFD902895B5CD00CAA147 /* SceneDelegate.swift */,
				1CFBFD922895B5CD00CAA147 /* ViewController.swift */,
				1CFBFD942895B5CD00CAA147 /* Main.storyboard */,
				1CFBFDC12895BAFE00CAA147 /* SecondViewController.swift */,
				1CFBFD9A2895B5D100CAA147 /* Assets.xcassets */,
				1CFBFD9C2895B5D100CAA147 /* LaunchScreen.storyboard */,
				1CFBFD9F2895B5D100CAA147 /* Info.plist */,
				1CFBFD972895B5CD00CAA147 /* esteeLauder.xcdatamodeld */,
			);
			path = esteeLauder;
			sourceTree = "<group>";
		};
		1CFBFDA72895B5D200CAA147 /* esteeLauderTests */ = {
			isa = PBXGroup;
			children = (
				1CFBFDA82895B5D200CAA147 /* esteeLauderTests.swift */,
			);
			path = esteeLauderTests;
			sourceTree = "<group>";
		};
		1CFBFDB12895B5D200CAA147 /* esteeLauderUITests */ = {
			isa = PBXGroup;
			children = (
				1CFBFDB22895B5D200CAA147 /* esteeLauderUITests.swift */,
				1CFBFDB42895B5D200CAA147 /* esteeLauderUITestsLaunchTests.swift */,
			);
			path = esteeLauderUITests;
			sourceTree = "<group>";
		};
/* End PBXGroup section */

/* Begin PBXNativeTarget section */
		1CFBFD8A2895B5CC00CAA147 /* esteeLauder */ = {
			isa = PBXNativeTarget;
			buildConfigurationList = 1CFBFDB82895B5D200CAA147 /* Build configuration list for PBXNativeTarget "esteeLauder" */;
			buildPhases = (
				1CFBFD872895B5CC00CAA147 /* Sources */,
				1CFBFD882895B5CC00CAA147 /* Frameworks */,
				1CFBFD892895B5CC00CAA147 /* Resources */,
			);
			buildRules = (
			);
			dependencies = (
			);
			name = esteeLauder;
			productName = esteeLauder;
			productReference = 1CFBFD8B2895B5CC00CAA147 /* esteeLauder.app */;
			productType = "com.apple.product-type.application";
		};
		1CFBFDA32895B5D200CAA147 /* esteeLauderTests */ = {
			isa = PBXNativeTarget;
			buildConfigurationList = 1CFBFDBB2895B5D200CAA147 /* Build configuration list for PBXNativeTarget "esteeLauderTests" */;
			buildPhases = (
				1CFBFDA02895B5D200CAA147 /* Sources */,
				1CFBFDA12895B5D200CAA147 /* Frameworks */,
				1CFBFDA22895B5D200CAA147 /* Resources */,
			);
			buildRules = (
			);
			dependencies = (
				1CFBFDA62895B5D200CAA147 /* PBXTargetDependency */,
			);
			name = esteeLauderTests;
			productName = esteeLauderTests;
			productReference = 1CFBFDA42895B5D200CAA147 /* esteeLauderTests.xctest */;
			productType = "com.apple.product-type.bundle.unit-test";
		};
		1CFBFDAD2895B5D200CAA147 /* esteeLauderUITests */ = {
			isa = PBXNativeTarget;
			buildConfigurationList = 1CFBFDBE2895B5D200CAA147 /* Build configuration list for PBXNativeTarget "esteeLauderUITests" */;
			buildPhases = (
				1CFBFDAA2895B5D200CAA147 /* Sources */,
				1CFBFDAB2895B5D200CAA147 /* Frameworks */,
				1CFBFDAC2895B5D200CAA147 /* Resources */,
			);
			buildRules = (
			);
			dependencies = (
				1CFBFDB02895B5D200CAA147 /* PBXTargetDependency */,
			);
			name = esteeLauderUITests;
			productName = esteeLauderUITests;
			productReference = 1CFBFDAE2895B5D200CAA147 /* esteeLauderUITests.xctest */;
			productType = "com.apple.product-type.bundle.ui-testing";
		};
/* End PBXNativeTarget section */

/* Begin PBXProject section */
		1CFBFD832895B5CC00CAA147 /* Project object */ = {
			isa = PBXProject;
			attributes = {
				BuildIndependentTargetsInParallel = 1;
				LastSwiftUpdateCheck = 1340;
				LastUpgradeCheck = 1340;
				TargetAttributes = {
					1CFBFD8A2895B5CC00CAA147 = {
						CreatedOnToolsVersion = 13.4.1;
					};
					1CFBFDA32895B5D200CAA147 = {
						CreatedOnToolsVersion = 13.4.1;
						TestTargetID = 1CFBFD8A2895B5CC00CAA147;
					};
					1CFBFDAD2895B5D200CAA147 = {
						CreatedOnToolsVersion = 13.4.1;
						TestTargetID = 1CFBFD8A2895B5CC00CAA147;
					};
				};
			};
			buildConfigurationList = 1CFBFD862895B5CC00CAA147 /* Build configuration list for PBXProject "esteeLauder" */;
			compatibilityVersion = "Xcode 13.0";
			developmentRegion = en;
			hasScannedForEncodings = 0;
			knownRegions = (
				en,
				Base,
			);
			mainGroup = 1CFBFD822895B5CC00CAA147;
			productRefGroup = 1CFBFD8C2895B5CC00CAA147 /* Products */;
			projectDirPath = "";
			projectRoot = "";
			targets = (
				1CFBFD8A2895B5CC00CAA147 /* esteeLauder */,
				1CFBFDA32895B5D200CAA147 /* esteeLauderTests */,
				1CFBFDAD2895B5D200CAA147 /* esteeLauderUITests */,
			);
		};
/* End PBXProject section */

/* Begin PBXResourcesBuildPhase section */
		1CFBFD892895B5CC00CAA147 /* Resources */ = {
			isa = PBXResourcesBuildPhase;
			buildActionMask = 2147483647;
			files = (
				1CFBFD9E2895B5D100CAA147 /* LaunchScreen.storyboard in Resources */,
				1CFBFD9B2895B5D100CAA147 /* Assets.xcassets in Resources */,
				1CFBFD962895B5CD00CAA147 /* Main.storyboard in Resources */,
			);
			runOnlyForDeploymentPostprocessing = 0;
		};
		1CFBFDA22895B5D200CAA147 /* Resources */ = {
			isa = PBXResourcesBuildPhase;
			buildActionMask = 2147483647;
			files = (
			);
			runOnlyForDeploymentPostprocessing = 0;
		};
		1CFBFDAC2895B5D200CAA147 /* Resources */ = {
			isa = PBXResourcesBuildPhase;
			buildActionMask = 2147483647;
			files = (
			);
			runOnlyForDeploymentPostprocessing = 0;
		};
/* End PBXResourcesBuildPhase section */

/* Begin PBXSourcesBuildPhase section */
		1CFBFD872895B5CC00CAA147 /* Sources */ = {
			isa = PBXSourcesBuildPhase;
			buildActionMask = 2147483647;
			files = (
				1CFBFD932895B5CD00CAA147 /* ViewController.swift in Sources */,
				1CFBFD8F2895B5CD00CAA147 /* AppDelegate.swift in Sources */,
				1CFBFD912895B5CD00CAA147 /* SceneDelegate.swift in Sources */,
				1CFBFDC22895BAFE00CAA147 /* SecondViewController.swift in Sources */,
				1CFBFD992895B5CD00CAA147 /* esteeLauder.xcdatamodeld in Sources */,
			);
			runOnlyForDeploymentPostprocessing = 0;
		};
		1CFBFDA02895B5D200CAA147 /* Sources */ = {
			isa = PBXSourcesBuildPhase;
			buildActionMask = 2147483647;
			files = (
				1CFBFDA92895B5D200CAA147 /* esteeLauderTests.swift in Sources */,
			);
			runOnlyForDeploymentPostprocessing = 0;
		};
		1CFBFDAA2895B5D200CAA147 /* Sources */ = {
			isa = PBXSourcesBuildPhase;
			buildActionMask = 2147483647;
			files = (
				1CFBFDB52895B5D200CAA147 /* esteeLauderUITestsLaunchTests.swift in Sources */,
				1CFBFDB32895B5D200CAA147 /* esteeLauderUITests.swift in Sources */,
			);
			runOnlyForDeploymentPostprocessing = 0;
		};
/* End PBXSourcesBuildPhase section */

/* Begin PBXTargetDependency section */
		1CFBFDA62895B5D200CAA147 /* PBXTargetDependency */ = {
			isa = PBXTargetDependency;
			target = 1CFBFD8A2895B5CC00CAA147 /* esteeLauder */;
			targetProxy = 1CFBFDA52895B5D200CAA147 /* PBXContainerItemProxy */;
		};
		1CFBFDB02895B5D200CAA147 /* PBXTargetDependency */ = {
			isa = PBXTargetDependency;
			target = 1CFBFD8A2895B5CC00CAA147 /* esteeLauder */;
			targetProxy = 1CFBFDAF2895B5D200CAA147 /* PBXContainerItemProxy */;
		};
/* End PBXTargetDependency section */

/* Begin PBXVariantGroup section */
		1CFBFD942895B5CD00CAA147 /* Main.storyboard */ = {
			isa = PBXVariantGroup;
			children = (
				1CFBFD952895B5CD00CAA147 /* Base */,
			);
			name = Main.storyboard;
			sourceTree = "<group>";
		};
		1CFBFD9C2895B5D100CAA147 /* LaunchScreen.storyboard */ = {
			isa = PBXVariantGroup;
			children = (
				1CFBFD9D2895B5D100CAA147 /* Base */,
			);
			name = LaunchScreen.storyboard;
			sourceTree = "<group>";
		};
/* End PBXVariantGroup section */

/* Begin XCBuildConfiguration section */
		1CFBFDB62895B5D200CAA147 /* Debug */ = {
			isa = XCBuildConfiguration;
			buildSettings = {
				ALWAYS_SEARCH_USER_PATHS = NO;
				CLANG_ANALYZER_NONNULL = YES;
				CLANG_ANALYZER_NUMBER_OBJECT_CONVERSION = YES_AGGRESSIVE;
				CLANG_CXX_LANGUAGE_STANDARD = "gnu++17";
				CLANG_ENABLE_MODULES = YES;
				CLANG_ENABLE_OBJC_ARC = YES;
				CLANG_ENABLE_OBJC_WEAK = YES;
				CLANG_WARN_BLOCK_CAPTURE_AUTORELEASING = YES;
				CLANG_WARN_BOOL_CONVERSION = YES;
				CLANG_WARN_COMMA = YES;
				CLANG_WARN_CONSTANT_CONVERSION = YES;
				CLANG_WARN_DEPRECATED_OBJC_IMPLEMENTATIONS = YES;
				CLANG_WARN_DIRECT_OBJC_ISA_USAGE = YES_ERROR;
				CLANG_WARN_DOCUMENTATION_COMMENTS = YES;
				CLANG_WARN_EMPTY_BODY = YES;
				CLANG_WARN_ENUM_CONVERSION = YES;
				CLANG_WARN_INFINITE_RECURSION = YES;
				CLANG_WARN_INT_CONVERSION = YES;
				CLANG_WARN_NON_LITERAL_NULL_CONVERSION = YES;
				CLANG_WARN_OBJC_IMPLICIT_RETAIN_SELF = YES;
				CLANG_WARN_OBJC_LITERAL_CONVERSION = YES;
				CLANG_WARN_OBJC_ROOT_CLASS = YES_ERROR;
				CLANG_WARN_QUOTED_INCLUDE_IN_FRAMEWORK_HEADER = YES;
				CLANG_WARN_RANGE_LOOP_ANALYSIS = YES;
				CLANG_WARN_STRICT_PROTOTYPES = YES;
				CLANG_WARN_SUSPICIOUS_MOVE = YES;
				CLANG_WARN_UNGUARDED_AVAILABILITY = YES_AGGRESSIVE;
				CLANG_WARN_UNREACHABLE_CODE = YES;
				CLANG_WARN__DUPLICATE_METHOD_MATCH = YES;
				COPY_PHASE_STRIP = NO;
				DEBUG_INFORMATION_FORMAT = dwarf;
				ENABLE_STRICT_OBJC_MSGSEND = YES;
				ENABLE_TESTABILITY = YES;
				GCC_C_LANGUAGE_STANDARD = gnu11;
				GCC_DYNAMIC_NO_PIC = NO;
				GCC_NO_COMMON_BLOCKS = YES;
				GCC_OPTIMIZATION_LEVEL = 0;
				GCC_PREPROCESSOR_DEFINITIONS = (
					"DEBUG=1",
					"$(inherited)",
				);
				GCC_WARN_64_TO_32_BIT_CONVERSION = YES;
				GCC_WARN_ABOUT_RETURN_TYPE = YES_ERROR;
				GCC_WARN_UNDECLARED_SELECTOR = YES;
				GCC_WARN_UNINITIALIZED_AUTOS = YES_AGGRESSIVE;
				GCC_WARN_UNUSED_FUNCTION = YES;
				GCC_WARN_UNUSED_VARIABLE = YES;
				IPHONEOS_DEPLOYMENT_TARGET = 15.5;
				MTL_ENABLE_DEBUG_INFO = INCLUDE_SOURCE;
				MTL_FAST_MATH = YES;
				ONLY_ACTIVE_ARCH = YES;
				SDKROOT = iphoneos;
				SWIFT_ACTIVE_COMPILATION_CONDITIONS = DEBUG;
				SWIFT_OPTIMIZATION_LEVEL = "-Onone";
			};
			name = Debug;
		};
		1CFBFDB72895B5D200CAA147 /* Release */ = {
			isa = XCBuildConfiguration;
			buildSettings = {
				ALWAYS_SEARCH_USER_PATHS = NO;
				CLANG_ANALYZER_NONNULL = YES;
				CLANG_ANALYZER_NUMBER_OBJECT_CONVERSION = YES_AGGRESSIVE;
				CLANG_CXX_LANGUAGE_STANDARD = "gnu++17";
				CLANG_ENABLE_MODULES = YES;
				CLANG_ENABLE_OBJC_ARC = YES;
				CLANG_ENABLE_OBJC_WEAK = YES;
				CLANG_WARN_BLOCK_CAPTURE_AUTORELEASING = YES;
				CLANG_WARN_BOOL_CONVERSION = YES;
				CLANG_WARN_COMMA = YES;
				CLANG_WARN_CONSTANT_CONVERSION = YES;
				CLANG_WARN_DEPRECATED_OBJC_IMPLEMENTATIONS = YES;
				CLANG_WARN_DIRECT_OBJC_ISA_USAGE = YES_ERROR;
				CLANG_WARN_DOCUMENTATION_COMMENTS = YES;
				CLANG_WARN_EMPTY_BODY = YES;
				CLANG_WARN_ENUM_CONVERSION = YES;
				CLANG_WARN_INFINITE_RECURSION = YES;
				CLANG_WARN_INT_CONVERSION = YES;
				CLANG_WARN_NON_LITERAL_NULL_CONVERSION = YES;
				CLANG_WARN_OBJC_IMPLICIT_RETAIN_SELF = YES;
				CLANG_WARN_OBJC_LITERAL_CONVERSION = YES;
				CLANG_WARN_OBJC_ROOT_CLASS = YES_ERROR;
				CLANG_WARN_QUOTED_INCLUDE_IN_FRAMEWORK_HEADER = YES;
				CLANG_WARN_RANGE_LOOP_ANALYSIS = YES;
				CLANG_WARN_STRICT_PROTOTYPES = YES;
				CLANG_WARN_SUSPICIOUS_MOVE = YES;
				CLANG_WARN_UNGUARDED_AVAILABILITY = YES_AGGRESSIVE;
				CLANG_WARN_UNREACHABLE_CODE = YES;
				CLANG_WARN__DUPLICATE_METHOD_MATCH = YES;
				COPY_PHASE_STRIP = NO;
				DEBUG_INFORMATION_FORMAT = "dwarf-with-dsym";
				ENABLE_NS_ASSERTIONS = NO;
				ENABLE_STRICT_OBJC_MSGSEND = YES;
				GCC_C_LANGUAGE_STANDARD = gnu11;
				GCC_NO_COMMON_BLOCKS = YES;
				GCC_WARN_64_TO_32_BIT_CONVERSION = YES;
				GCC_WARN_ABOUT_RETURN_TYPE = YES_ERROR;
				GCC_WARN_UNDECLARED_SELECTOR = YES;
				GCC_WARN_UNINITIALIZED_AUTOS = YES_AGGRESSIVE;
				GCC_WARN_UNUSED_FUNCTION = YES;
				GCC_WARN_UNUSED_VARIABLE = YES;
				IPHONEOS_DEPLOYMENT_TARGET = 15.5;
				MTL_ENABLE_DEBUG_INFO = NO;
				MTL_FAST_MATH = YES;
				SDKROOT = iphoneos;
				SWIFT_COMPILATION_MODE = wholemodule;
				SWIFT_OPTIMIZATION_LEVEL = "-O";
				VALIDATE_PRODUCT = YES;
			};
			name = Release;
		};
		1CFBFDB92895B5D200CAA147 /* Debug */ = {
			isa = XCBuildConfiguration;
			buildSettings = {
				ASSETCATALOG_COMPILER_APPICON_NAME = AppIcon;
				ASSETCATALOG_COMPILER_GLOBAL_ACCENT_COLOR_NAME = AccentColor;
				CODE_SIGN_STYLE = Automatic;
				CURRENT_PROJECT_VERSION = 1;
				GENERATE_INFOPLIST_FILE = YES;
				INFOPLIST_FILE = esteeLauder/Info.plist;
				INFOPLIST_KEY_UIApplicationSupportsIndirectInputEvents = YES;
				INFOPLIST_KEY_UILaunchStoryboardName = LaunchScreen;
				INFOPLIST_KEY_UIMainStoryboardFile = Main;
				INFOPLIST_KEY_UISupportedInterfaceOrientations_iPad = "UIInterfaceOrientationPortrait UIInterfaceOrientationPortraitUpsideDown UIInterfaceOrientationLandscapeLeft UIInterfaceOrientationLandscapeRight";
				INFOPLIST_KEY_UISupportedInterfaceOrientations_iPhone = "UIInterfaceOrientationPortrait UIInterfaceOrientationLandscapeLeft UIInterfaceOrientationLandscapeRight";
				LD_RUNPATH_SEARCH_PATHS = (
					"$(inherited)",
					"@executable_path/Frameworks",
				);
				MARKETING_VERSION = 1.0;
				PRODUCT_BUNDLE_IDENTIFIER = KWK.esteeLauder;
				PRODUCT_NAME = "$(TARGET_NAME)";
				SWIFT_EMIT_LOC_STRINGS = YES;
				SWIFT_VERSION = 5.0;
				TARGETED_DEVICE_FAMILY = "1,2";
			};
			name = Debug;
		};
		1CFBFDBA2895B5D200CAA147 /* Release */ = {
			isa = XCBuildConfiguration;
			buildSettings = {
				ASSETCATALOG_COMPILER_APPICON_NAME = AppIcon;
				ASSETCATALOG_COMPILER_GLOBAL_ACCENT_COLOR_NAME = AccentColor;
				CODE_SIGN_STYLE = Automatic;
				CURRENT_PROJECT_VERSION = 1;
				GENERATE_INFOPLIST_FILE = YES;
				INFOPLIST_FILE = esteeLauder/Info.plist;
				INFOPLIST_KEY_UIApplicationSupportsIndirectInputEvents = YES;
				INFOPLIST_KEY_UILaunchStoryboardName = LaunchScreen;
				INFOPLIST_KEY_UIMainStoryboardFile = Main;
				INFOPLIST_KEY_UISupportedInterfaceOrientations_iPad = "UIInterfaceOrientationPortrait UIInterfaceOrientationPortraitUpsideDown UIInterfaceOrientationLandscapeLeft UIInterfaceOrientationLandscapeRight";
				INFOPLIST_KEY_UISupportedInterfaceOrientations_iPhone = "UIInterfaceOrientationPortrait UIInterfaceOrientationLandscapeLeft UIInterfaceOrientationLandscapeRight";
				LD_RUNPATH_SEARCH_PATHS = (
					"$(inherited)",
					"@executable_path/Frameworks",
				);
				MARKETING_VERSION = 1.0;
				PRODUCT_BUNDLE_IDENTIFIER = KWK.esteeLauder;
				PRODUCT_NAME = "$(TARGET_NAME)";
				SWIFT_EMIT_LOC_STRINGS = YES;
				SWIFT_VERSION = 5.0;
				TARGETED_DEVICE_FAMILY = "1,2";
			};
			name = Release;
		};
		1CFBFDBC2895B5D200CAA147 /* Debug */ = {
			isa = XCBuildConfiguration;
			buildSettings = {
				ALWAYS_EMBED_SWIFT_STANDARD_LIBRARIES = YES;
				BUNDLE_LOADER = "$(TEST_HOST)";
				CODE_SIGN_STYLE = Automatic;
				CURRENT_PROJECT_VERSION = 1;
				GENERATE_INFOPLIST_FILE = YES;
				IPHONEOS_DEPLOYMENT_TARGET = 15.5;
				MARKETING_VERSION = 1.0;
				PRODUCT_BUNDLE_IDENTIFIER = KWK.esteeLauderTests;
				PRODUCT_NAME = "$(TARGET_NAME)";
				SWIFT_EMIT_LOC_STRINGS = NO;
				SWIFT_VERSION = 5.0;
				TARGETED_DEVICE_FAMILY = "1,2";
				TEST_HOST = "$(BUILT_PRODUCTS_DIR)/esteeLauder.app/esteeLauder";
			};
			name = Debug;
		};
		1CFBFDBD2895B5D200CAA147 /* Release */ = {
			isa = XCBuildConfiguration;
			buildSettings = {
				ALWAYS_EMBED_SWIFT_STANDARD_LIBRARIES = YES;
				BUNDLE_LOADER = "$(TEST_HOST)";
				CODE_SIGN_STYLE = Automatic;
				CURRENT_PROJECT_VERSION = 1;
				GENERATE_INFOPLIST_FILE = YES;
				IPHONEOS_DEPLOYMENT_TARGET = 15.5;
				MARKETING_VERSION = 1.0;
				PRODUCT_BUNDLE_IDENTIFIER = KWK.esteeLauderTests;
				PRODUCT_NAME = "$(TARGET_NAME)";
				SWIFT_EMIT_LOC_STRINGS = NO;
				SWIFT_VERSION = 5.0;
				TARGETED_DEVICE_FAMILY = "1,2";
				TEST_HOST = "$(BUILT_PRODUCTS_DIR)/esteeLauder.app/esteeLauder";
			};
			name = Release;
		};
		1CFBFDBF2895B5D200CAA147 /* Debug */ = {
			isa = XCBuildConfiguration;
			buildSettings = {
				ALWAYS_EMBED_SWIFT_STANDARD_LIBRARIES = YES;
				CODE_SIGN_STYLE = Automatic;
				CURRENT_PROJECT_VERSION = 1;
				GENERATE_INFOPLIST_FILE = YES;
				MARKETING_VERSION = 1.0;
				PRODUCT_BUNDLE_IDENTIFIER = KWK.esteeLauderUITests;
				PRODUCT_NAME = "$(TARGET_NAME)";
				SWIFT_EMIT_LOC_STRINGS = NO;
				SWIFT_VERSION = 5.0;
				TARGETED_DEVICE_FAMILY = "1,2";
				TEST_TARGET_NAME = esteeLauder;
			};
			name = Debug;
		};
		1CFBFDC02895B5D200CAA147 /* Release */ = {
			isa = XCBuildConfiguration;
			buildSettings = {
				ALWAYS_EMBED_SWIFT_STANDARD_LIBRARIES = YES;
				CODE_SIGN_STYLE = Automatic;
				CURRENT_PROJECT_VERSION = 1;
				GENERATE_INFOPLIST_FILE = YES;
				MARKETING_VERSION = 1.0;
				PRODUCT_BUNDLE_IDENTIFIER = KWK.esteeLauderUITests;
				PRODUCT_NAME = "$(TARGET_NAME)";
				SWIFT_EMIT_LOC_STRINGS = NO;
				SWIFT_VERSION = 5.0;
				TARGETED_DEVICE_FAMILY = "1,2";
				TEST_TARGET_NAME = esteeLauder;
			};
			name = Release;
		};
/* End XCBuildConfiguration section */

/* Begin XCConfigurationList section */
		1CFBFD862895B5CC00CAA147 /* Build configuration list for PBXProject "esteeLauder" */ = {
			isa = XCConfigurationList;
			buildConfigurations = (
				1CFBFDB62895B5D200CAA147 /* Debug */,
				1CFBFDB72895B5D200CAA147 /* Release */,
			);
			defaultConfigurationIsVisible = 0;
			defaultConfigurationName = Release;
		};
		1CFBFDB82895B5D200CAA147 /* Build configuration list for PBXNativeTarget "esteeLauder" */ = {
			isa = XCConfigurationList;
			buildConfigurations = (
				1CFBFDB92895B5D200CAA147 /* Debug */,
				1CFBFDBA2895B5D200CAA147 /* Release */,
			);
			defaultConfigurationIsVisible = 0;
			defaultConfigurationName = Release;
		};
		1CFBFDBB2895B5D200CAA147 /* Build configuration list for PBXNativeTarget "esteeLauderTests" */ = {
			isa = XCConfigurationList;
			buildConfigurations = (
				1CFBFDBC2895B5D200CAA147 /* Debug */,
				1CFBFDBD2895B5D200CAA147 /* Release */,
			);
			defaultConfigurationIsVisible = 0;
			defaultConfigurationName = Release;
		};
		1CFBFDBE2895B5D200CAA147 /* Build configuration list for PBXNativeTarget "esteeLauderUITests" */ = {
			isa = XCConfigurationList;
			buildConfigurations = (
				1CFBFDBF2895B5D200CAA147 /* Debug */,
				1CFBFDC02895B5D200CAA147 /* Release */,
			);
			defaultConfigurationIsVisible = 0;
			defaultConfigurationName = Release;
		};
/* End XCConfigurationList section */

/* Begin XCVersionGroup section */
		1CFBFD972895B5CD00CAA147 /* esteeLauder.xcdatamodeld */ = {
			isa = XCVersionGroup;
			children = (
				1CFBFD982895B5CD00CAA147 /* esteeLauder.xcdatamodel */,
			);
			currentVersion = 1CFBFD982895B5CD00CAA147 /* esteeLauder.xcdatamodel */;
			path = esteeLauder.xcdatamodeld;
			sourceTree = "<group>";
			versionGroupType = wrapper.xcdatamodel;
		};
/* End XCVersionGroup section */
	};
	rootObject = 1CFBFD832895B5CC00CAA147 /* Project object */;
}
